// !$*UTF8*$!
{
	archiveVersion = 1;
	classes = {
	};
	objectVersion = 50;
	objects = {

/* Begin PBXBuildFile section */
		1383CEE62174679900546C99 /* AppDelegate.swift in Sources */ = {isa = PBXBuildFile; fileRef = 1383CEE52174679900546C99 /* AppDelegate.swift */; };
		1383CEE82174679900546C99 /* ViewController.swift in Sources */ = {isa = PBXBuildFile; fileRef = 1383CEE72174679900546C99 /* ViewController.swift */; };
		1383CEEB2174679900546C99 /* Main.storyboard in Resources */ = {isa = PBXBuildFile; fileRef = 1383CEE92174679900546C99 /* Main.storyboard */; };
		1383CEED217467A800546C99 /* Assets.xcassets in Resources */ = {isa = PBXBuildFile; fileRef = 1383CEEC217467A800546C99 /* Assets.xcassets */; };
		1383CEF0217467A800546C99 /* LaunchScreen.storyboard in Resources */ = {isa = PBXBuildFile; fileRef = 1383CEEE217467A800546C99 /* LaunchScreen.storyboard */; };
		1383CEFB217467A900546C99 /* PA5_mcarter6Tests.swift in Sources */ = {isa = PBXBuildFile; fileRef = 1383CEFA217467A900546C99 /* PA5_mcarter6Tests.swift */; };
		1383CF06217467A900546C99 /* PA5_mcarter6UITests.swift in Sources */ = {isa = PBXBuildFile; fileRef = 1383CF05217467A900546C99 /* PA5_mcarter6UITests.swift */; };
		1383CF14217469BD00546C99 /* Cell.swift in Sources */ = {isa = PBXBuildFile; fileRef = 1383CF13217469BC00546C99 /* Cell.swift */; };
		1383CF16217469C600546C99 /* CarpetSea.swift in Sources */ = {isa = PBXBuildFile; fileRef = 1383CF15217469C600546C99 /* CarpetSea.swift */; };
/* End PBXBuildFile section */

/* Begin PBXContainerItemProxy section */
		1383CEF7217467A900546C99 /* PBXContainerItemProxy */ = {
			isa = PBXContainerItemProxy;
			containerPortal = 1383CEDA2174679800546C99 /* Project object */;
			proxyType = 1;
			remoteGlobalIDString = 1383CEE12174679800546C99;
			remoteInfo = "PA5-mcarter6";
		};
		1383CF02217467A900546C99 /* PBXContainerItemProxy */ = {
			isa = PBXContainerItemProxy;
			containerPortal = 1383CEDA2174679800546C99 /* Project object */;
			proxyType = 1;
			remoteGlobalIDString = 1383CEE12174679800546C99;
			remoteInfo = "PA5-mcarter6";
		};
/* End PBXContainerItemProxy section */

/* Begin PBXFileReference section */
		1383CEE22174679800546C99 /* PA5-mcarter6.app */ = {isa = PBXFileReference; explicitFileType = wrapper.application; includeInIndex = 0; path = "PA5-mcarter6.app"; sourceTree = BUILT_PRODUCTS_DIR; };
		1383CEE52174679900546C99 /* AppDelegate.swift */ = {isa = PBXFileReference; lastKnownFileType = sourcecode.swift; path = AppDelegate.swift; sourceTree = "<group>"; };
		1383CEE72174679900546C99 /* ViewController.swift */ = {isa = PBXFileReference; lastKnownFileType = sourcecode.swift; path = ViewController.swift; sourceTree = "<group>"; };
		1383CEEA2174679900546C99 /* Base */ = {isa = PBXFileReference; lastKnownFileType = file.storyboard; name = Base; path = Base.lproj/Main.storyboard; sourceTree = "<group>"; };
		1383CEEC217467A800546C99 /* Assets.xcassets */ = {isa = PBXFileReference; lastKnownFileType = folder.assetcatalog; path = Assets.xcassets; sourceTree = "<group>"; };
		1383CEEF217467A800546C99 /* Base */ = {isa = PBXFileReference; lastKnownFileType = file.storyboard; name = Base; path = Base.lproj/LaunchScreen.storyboard; sourceTree = "<group>"; };
		1383CEF1217467A800546C99 /* Info.plist */ = {isa = PBXFileReference; lastKnownFileType = text.plist.xml; path = Info.plist; sourceTree = "<group>"; };
		1383CEF6217467A900546C99 /* PA5-mcarter6Tests.xctest */ = {isa = PBXFileReference; explicitFileType = wrapper.cfbundle; includeInIndex = 0; path = "PA5-mcarter6Tests.xctest"; sourceTree = BUILT_PRODUCTS_DIR; };
		1383CEFA217467A900546C99 /* PA5_mcarter6Tests.swift */ = {isa = PBXFileReference; lastKnownFileType = sourcecode.swift; path = PA5_mcarter6Tests.swift; sourceTree = "<group>"; };
		1383CEFC217467A900546C99 /* Info.plist */ = {isa = PBXFileReference; lastKnownFileType = text.plist.xml; path = Info.plist; sourceTree = "<group>"; };
		1383CF01217467A900546C99 /* PA5-mcarter6UITests.xctest */ = {isa = PBXFileReference; explicitFileType = wrapper.cfbundle; includeInIndex = 0; path = "PA5-mcarter6UITests.xctest"; sourceTree = BUILT_PRODUCTS_DIR; };
		1383CF05217467A900546C99 /* PA5_mcarter6UITests.swift */ = {isa = PBXFileReference; lastKnownFileType = sourcecode.swift; path = PA5_mcarter6UITests.swift; sourceTree = "<group>"; };
		1383CF07217467A900546C99 /* Info.plist */ = {isa = PBXFileReference; lastKnownFileType = text.plist.xml; path = Info.plist; sourceTree = "<group>"; };
		1383CF13217469BC00546C99 /* Cell.swift */ = {isa = PBXFileReference; lastKnownFileType = sourcecode.swift; path = Cell.swift; sourceTree = "<group>"; };
		1383CF15217469C600546C99 /* CarpetSea.swift */ = {isa = PBXFileReference; lastKnownFileType = sourcecode.swift; path = CarpetSea.swift; sourceTree = "<group>"; };
/* End PBXFileReference section */

/* Begin PBXFrameworksBuildPhase section */
		1383CEDF2174679800546C99 /* Frameworks */ = {
			isa = PBXFrameworksBuildPhase;
			buildActionMask = 2147483647;
			files = (
			);
			runOnlyForDeploymentPostprocessing = 0;
		};
		1383CEF3217467A900546C99 /* Frameworks */ = {
			isa = PBXFrameworksBuildPhase;
			buildActionMask = 2147483647;
			files = (
			);
			runOnlyForDeploymentPostprocessing = 0;
		};
		1383CEFE217467A900546C99 /* Frameworks */ = {
			isa = PBXFrameworksBuildPhase;
			buildActionMask = 2147483647;
			files = (
			);
			runOnlyForDeploymentPostprocessing = 0;
		};
/* End PBXFrameworksBuildPhase section */

/* Begin PBXGroup section */
		1383CED92174679800546C99 = {
			isa = PBXGroup;
			children = (
				1383CEE42174679800546C99 /* PA5-mcarter6 */,
				1383CEF9217467A900546C99 /* PA5-mcarter6Tests */,
				1383CF04217467A900546C99 /* PA5-mcarter6UITests */,
				1383CEE32174679800546C99 /* Products */,
			);
			sourceTree = "<group>";
		};
		1383CEE32174679800546C99 /* Products */ = {
			isa = PBXGroup;
			children = (
				1383CEE22174679800546C99 /* PA5-mcarter6.app */,
				1383CEF6217467A900546C99 /* PA5-mcarter6Tests.xctest */,
				1383CF01217467A900546C99 /* PA5-mcarter6UITests.xctest */,
			);
			name = Products;
			sourceTree = "<group>";
		};
		1383CEE42174679800546C99 /* PA5-mcarter6 */ = {
			isa = PBXGroup;
			children = (
				1383CEE52174679900546C99 /* AppDelegate.swift */,
				1383CEE72174679900546C99 /* ViewController.swift */,
				1383CF13217469BC00546C99 /* Cell.swift */,
				1383CF15217469C600546C99 /* CarpetSea.swift */,
				1383CEE92174679900546C99 /* Main.storyboard */,
				1383CEEC217467A800546C99 /* Assets.xcassets */,
				1383CEEE217467A800546C99 /* LaunchScreen.storyboard */,
				1383CEF1217467A800546C99 /* Info.plist */,
			);
			path = "PA5-mcarter6";
			sourceTree = "<group>";
		};
		1383CEF9217467A900546C99 /* PA5-mcarter6Tests */ = {
			isa = PBXGroup;
			children = (
				1383CEFA217467A900546C99 /* PA5_mcarter6Tests.swift */,
				1383CEFC217467A900546C99 /* Info.plist */,
			);
			path = "PA5-mcarter6Tests";
			sourceTree = "<group>";
		};
		1383CF04217467A900546C99 /* PA5-mcarter6UITests */ = {
			isa = PBXGroup;
			children = (
				1383CF05217467A900546C99 /* PA5_mcarter6UITests.swift */,
				1383CF07217467A900546C99 /* Info.plist */,
			);
			path = "PA5-mcarter6UITests";
			sourceTree = "<group>";
		};
/* End PBXGroup section */

/* Begin PBXNativeTarget section */
		1383CEE12174679800546C99 /* PA5-mcarter6 */ = {
			isa = PBXNativeTarget;
			buildConfigurationList = 1383CF0A217467A900546C99 /* Build configuration list for PBXNativeTarget "PA5-mcarter6" */;
			buildPhases = (
				1383CEDE2174679800546C99 /* Sources */,
				1383CEDF2174679800546C99 /* Frameworks */,
				1383CEE02174679800546C99 /* Resources */,
			);
			buildRules = (
			);
			dependencies = (
			);
			name = "PA5-mcarter6";
			productName = "PA5-mcarter6";
			productReference = 1383CEE22174679800546C99 /* PA5-mcarter6.app */;
			productType = "com.apple.product-type.application";
		};
		1383CEF5217467A900546C99 /* PA5-mcarter6Tests */ = {
			isa = PBXNativeTarget;
			buildConfigurationList = 1383CF0D217467A900546C99 /* Build configuration list for PBXNativeTarget "PA5-mcarter6Tests" */;
			buildPhases = (
				1383CEF2217467A900546C99 /* Sources */,
				1383CEF3217467A900546C99 /* Frameworks */,
				1383CEF4217467A900546C99 /* Resources */,
			);
			buildRules = (
			);
			dependencies = (
				1383CEF8217467A900546C99 /* PBXTargetDependency */,
			);
			name = "PA5-mcarter6Tests";
			productName = "PA5-mcarter6Tests";
			productReference = 1383CEF6217467A900546C99 /* PA5-mcarter6Tests.xctest */;
			productType = "com.apple.product-type.bundle.unit-test";
		};
		1383CF00217467A900546C99 /* PA5-mcarter6UITests */ = {
			isa = PBXNativeTarget;
			buildConfigurationList = 1383CF10217467A900546C99 /* Build configuration list for PBXNativeTarget "PA5-mcarter6UITests" */;
			buildPhases = (
				1383CEFD217467A900546C99 /* Sources */,
				1383CEFE217467A900546C99 /* Frameworks */,
				1383CEFF217467A900546C99 /* Resources */,
			);
			buildRules = (
			);
			dependencies = (
				1383CF03217467A900546C99 /* PBXTargetDependency */,
			);
			name = "PA5-mcarter6UITests";
			productName = "PA5-mcarter6UITests";
			productReference = 1383CF01217467A900546C99 /* PA5-mcarter6UITests.xctest */;
			productType = "com.apple.product-type.bundle.ui-testing";
		};
/* End PBXNativeTarget section */

/* Begin PBXProject section */
		1383CEDA2174679800546C99 /* Project object */ = {
			isa = PBXProject;
			attributes = {
				LastSwiftUpdateCheck = 1000;
				LastUpgradeCheck = 1000;
				ORGANIZATIONNAME = "Matt Carter";
				TargetAttributes = {
					1383CEE12174679800546C99 = {
						CreatedOnToolsVersion = 10.0;
					};
					1383CEF5217467A900546C99 = {
						CreatedOnToolsVersion = 10.0;
						TestTargetID = 1383CEE12174679800546C99;
					};
					1383CF00217467A900546C99 = {
						CreatedOnToolsVersion = 10.0;
						TestTargetID = 1383CEE12174679800546C99;
					};
				};
			};
			buildConfigurationList = 1383CEDD2174679800546C99 /* Build configuration list for PBXProject "PA5-mcarter6" */;
			compatibilityVersion = "Xcode 9.3";
			developmentRegion = en;
			hasScannedForEncodings = 0;
			knownRegions = (
				en,
				Base,
			);
			mainGroup = 1383CED92174679800546C99;
			productRefGroup = 1383CEE32174679800546C99 /* Products */;
			projectDirPath = "";
			projectRoot = "";
			targets = (
				1383CEE12174679800546C99 /* PA5-mcarter6 */,
				1383CEF5217467A900546C99 /* PA5-mcarter6Tests */,
				1383CF00217467A900546C99 /* PA5-mcarter6UITests */,
			);
		};
/* End PBXProject section */

/* Begin PBXResourcesBuildPhase section */
		1383CEE02174679800546C99 /* Resources */ = {
			isa = PBXResourcesBuildPhase;
			buildActionMask = 2147483647;
			files = (
				1383CEF0217467A800546C99 /* LaunchScreen.storyboard in Resources */,
				1383CEED217467A800546C99 /* Assets.xcassets in Resources */,
				1383CEEB2174679900546C99 /* Main.storyboard in Resources */,
			);
			runOnlyForDeploymentPostprocessing = 0;
		};
		1383CEF4217467A900546C99 /* Resources */ = {
			isa = PBXResourcesBuildPhase;
			buildActionMask = 2147483647;
			files = (
			);
			runOnlyForDeploymentPostprocessing = 0;
		};
		1383CEFF217467A900546C99 /* Resources */ = {
			isa = PBXResourcesBuildPhase;
			buildActionMask = 2147483647;
			files = (
			);
			runOnlyForDeploymentPostprocessing = 0;
		};
/* End PBXResourcesBuildPhase section */

/* Begin PBXSourcesBuildPhase section */
		1383CEDE2174679800546C99 /* Sources */ = {
			isa = PBXSourcesBuildPhase;
			buildActionMask = 2147483647;
			files = (
				1383CEE82174679900546C99 /* ViewController.swift in Sources */,
				1383CEE62174679900546C99 /* AppDelegate.swift in Sources */,
				1383CF16217469C600546C99 /* CarpetSea.swift in Sources */,
				1383CF14217469BD00546C99 /* Cell.swift in Sources */,
			);
			runOnlyForDeploymentPostprocessing = 0;
		};
		1383CEF2217467A900546C99 /* Sources */ = {
			isa = PBXSourcesBuildPhase;
			buildActionMask = 2147483647;
			files = (
				1383CEFB217467A900546C99 /* PA5_mcarter6Tests.swift in Sources */,
			);
			runOnlyForDeploymentPostprocessing = 0;
		};
		1383CEFD217467A900546C99 /* Sources */ = {
			isa = PBXSourcesBuildPhase;
			buildActionMask = 2147483647;
			files = (
				1383CF06217467A900546C99 /* PA5_mcarter6UITests.swift in Sources */,
			);
			runOnlyForDeploymentPostprocessing = 0;
		};
/* End PBXSourcesBuildPhase section */

/* Begin PBXTargetDependency section */
		1383CEF8217467A900546C99 /* PBXTargetDependency */ = {
			isa = PBXTargetDependency;
			target = 1383CEE12174679800546C99 /* PA5-mcarter6 */;
			targetProxy = 1383CEF7217467A900546C99 /* PBXContainerItemProxy */;
		};
		1383CF03217467A900546C99 /* PBXTargetDependency */ = {
			isa = PBXTargetDependency;
			target = 1383CEE12174679800546C99 /* PA5-mcarter6 */;
			targetProxy = 1383CF02217467A900546C99 /* PBXContainerItemProxy */;
		};
/* End PBXTargetDependency section */

/* Begin PBXVariantGroup section */
		1383CEE92174679900546C99 /* Main.storyboard */ = {
			isa = PBXVariantGroup;
			children = (
				1383CEEA2174679900546C99 /* Base */,
			);
			name = Main.storyboard;
			sourceTree = "<group>";
		};
		1383CEEE217467A800546C99 /* LaunchScreen.storyboard */ = {
			isa = PBXVariantGroup;
			children = (
				1383CEEF217467A800546C99 /* Base */,
			);
			name = LaunchScreen.storyboard;
			sourceTree = "<group>";
		};
/* End PBXVariantGroup section */

/* Begin XCBuildConfiguration section */
		1383CF08217467A900546C99 /* Debug */ = {
			isa = XCBuildConfiguration;
			buildSettings = {
				ALWAYS_SEARCH_USER_PATHS = NO;
				CLANG_ANALYZER_NONNULL = YES;
				CLANG_ANALYZER_NUMBER_OBJECT_CONVERSION = YES_AGGRESSIVE;
				CLANG_CXX_LANGUAGE_STANDARD = "gnu++14";
				CLANG_CXX_LIBRARY = "libc++";
				CLANG_ENABLE_MODULES = YES;
				CLANG_ENABLE_OBJC_ARC = YES;
				CLANG_ENABLE_OBJC_WEAK = YES;
				CLANG_WARN_BLOCK_CAPTURE_AUTORELEASING = YES;
				CLANG_WARN_BOOL_CONVERSION = YES;
				CLANG_WARN_COMMA = YES;
				CLANG_WARN_CONSTANT_CONVERSION = YES;
				CLANG_WARN_DEPRECATED_OBJC_IMPLEMENTATIONS = YES;
				CLANG_WARN_DIRECT_OBJC_ISA_USAGE = YES_ERROR;
				CLANG_WARN_DOCUMENTATION_COMMENTS = YES;
				CLANG_WARN_EMPTY_BODY = YES;
				CLANG_WARN_ENUM_CONVERSION = YES;
				CLANG_WARN_INFINITE_RECURSION = YES;
				CLANG_WARN_INT_CONVERSION = YES;
				CLANG_WARN_NON_LITERAL_NULL_CONVERSION = YES;
				CLANG_WARN_OBJC_IMPLICIT_RETAIN_SELF = YES;
				CLANG_WARN_OBJC_LITERAL_CONVERSION = YES;
				CLANG_WARN_OBJC_ROOT_CLASS = YES_ERROR;
				CLANG_WARN_RANGE_LOOP_ANALYSIS = YES;
				CLANG_WARN_STRICT_PROTOTYPES = YES;
				CLANG_WARN_SUSPICIOUS_MOVE = YES;
				CLANG_WARN_UNGUARDED_AVAILABILITY = YES_AGGRESSIVE;
				CLANG_WARN_UNREACHABLE_CODE = YES;
				CLANG_WARN__DUPLICATE_METHOD_MATCH = YES;
				CODE_SIGN_IDENTITY = "iPhone Developer";
				COPY_PHASE_STRIP = NO;
				DEBUG_INFORMATION_FORMAT = dwarf;
				ENABLE_STRICT_OBJC_MSGSEND = YES;
				ENABLE_TESTABILITY = YES;
				GCC_C_LANGUAGE_STANDARD = gnu11;
				GCC_DYNAMIC_NO_PIC = NO;
				GCC_NO_COMMON_BLOCKS = YES;
				GCC_OPTIMIZATION_LEVEL = 0;
				GCC_PREPROCESSOR_DEFINITIONS = (
					"DEBUG=1",
					"$(inherited)",
				);
				GCC_WARN_64_TO_32_BIT_CONVERSION = YES;
				GCC_WARN_ABOUT_RETURN_TYPE = YES_ERROR;
				GCC_WARN_UNDECLARED_SELECTOR = YES;
				GCC_WARN_UNINITIALIZED_AUTOS = YES_AGGRESSIVE;
				GCC_WARN_UNUSED_FUNCTION = YES;
				GCC_WARN_UNUSED_VARIABLE = YES;
				IPHONEOS_DEPLOYMENT_TARGET = 12.0;
				MTL_ENABLE_DEBUG_INFO = INCLUDE_SOURCE;
				MTL_FAST_MATH = YES;
				ONLY_ACTIVE_ARCH = YES;
				SDKROOT = iphoneos;
				SWIFT_ACTIVE_COMPILATION_CONDITIONS = DEBUG;
				SWIFT_OPTIMIZATION_LEVEL = "-Onone";
			};
			name = Debug;
		};
		1383CF09217467A900546C99 /* Release */ = {
			isa = XCBuildConfiguration;
			buildSettings = {
				ALWAYS_SEARCH_USER_PATHS = NO;
				CLANG_ANALYZER_NONNULL = YES;
				CLANG_ANALYZER_NUMBER_OBJECT_CONVERSION = YES_AGGRESSIVE;
				CLANG_CXX_LANGUAGE_STANDARD = "gnu++14";
				CLANG_CXX_LIBRARY = "libc++";
				CLANG_ENABLE_MODULES = YES;
				CLANG_ENABLE_OBJC_ARC = YES;
				CLANG_ENABLE_OBJC_WEAK = YES;
				CLANG_WARN_BLOCK_CAPTURE_AUTORELEASING = YES;
				CLANG_WARN_BOOL_CONVERSION = YES;
				CLANG_WARN_COMMA = YES;
				CLANG_WARN_CONSTANT_CONVERSION = YES;
				CLANG_WARN_DEPRECATED_OBJC_IMPLEMENTATIONS = YES;
				CLANG_WARN_DIRECT_OBJC_ISA_USAGE = YES_ERROR;
				CLANG_WARN_DOCUMENTATION_COMMENTS = YES;
				CLANG_WARN_EMPTY_BODY = YES;
				CLANG_WARN_ENUM_CONVERSION = YES;
				CLANG_WARN_INFINITE_RECURSION = YES;
				CLANG_WARN_INT_CONVERSION = YES;
				CLANG_WARN_NON_LITERAL_NULL_CONVERSION = YES;
				CLANG_WARN_OBJC_IMPLICIT_RETAIN_SELF = YES;
				CLANG_WARN_OBJC_LITERAL_CONVERSION = YES;
				CLANG_WARN_OBJC_ROOT_CLASS = YES_ERROR;
				CLANG_WARN_RANGE_LOOP_ANALYSIS = YES;
				CLANG_WARN_STRICT_PROTOTYPES = YES;
				CLANG_WARN_SUSPICIOUS_MOVE = YES;
				CLANG_WARN_UNGUARDED_AVAILABILITY = YES_AGGRESSIVE;
				CLANG_WARN_UNREACHABLE_CODE = YES;
				CLANG_WARN__DUPLICATE_METHOD_MATCH = YES;
				CODE_SIGN_IDENTITY = "iPhone Developer";
				COPY_PHASE_STRIP = NO;
				DEBUG_INFORMATION_FORMAT = "dwarf-with-dsym";
				ENABLE_NS_ASSERTIONS = NO;
				ENABLE_STRICT_OBJC_MSGSEND = YES;
				GCC_C_LANGUAGE_STANDARD = gnu11;
				GCC_NO_COMMON_BLOCKS = YES;
				GCC_WARN_64_TO_32_BIT_CONVERSION = YES;
				GCC_WARN_ABOUT_RETURN_TYPE = YES_ERROR;
				GCC_WARN_UNDECLARED_SELECTOR = YES;
				GCC_WARN_UNINITIALIZED_AUTOS = YES_AGGRESSIVE;
				GCC_WARN_UNUSED_FUNCTION = YES;
				GCC_WARN_UNUSED_VARIABLE = YES;
				IPHONEOS_DEPLOYMENT_TARGET = 12.0;
				MTL_ENABLE_DEBUG_INFO = NO;
				MTL_FAST_MATH = YES;
				SDKROOT = iphoneos;
				SWIFT_COMPILATION_MODE = wholemodule;
				SWIFT_OPTIMIZATION_LEVEL = "-O";
				VALIDATE_PRODUCT = YES;
			};
			name = Release;
		};
		1383CF0B217467A900546C99 /* Debug */ = {
			isa = XCBuildConfiguration;
			buildSettings = {
				ASSETCATALOG_COMPILER_APPICON_NAME = AppIcon;
				CODE_SIGN_STYLE = Automatic;
				DEVELOPMENT_TEAM = YY65W6YMX9;
				INFOPLIST_FILE = "PA5-mcarter6/Info.plist";
				LD_RUNPATH_SEARCH_PATHS = (
					"$(inherited)",
					"@executable_path/Frameworks",
				);
				PRODUCT_BUNDLE_IDENTIFIER = "MattC.PA5-mcarter6";
				PRODUCT_NAME = "$(TARGET_NAME)";
				SWIFT_VERSION = 4.2;
				TARGETED_DEVICE_FAMILY = "1,2";
			};
			name = Debug;
		};
		1383CF0C217467A900546C99 /* Release */ = {
			isa = XCBuildConfiguration;
			buildSettings = {
				ASSETCATALOG_COMPILER_APPICON_NAME = AppIcon;
				CODE_SIGN_STYLE = Automatic;
				DEVELOPMENT_TEAM = YY65W6YMX9;
				INFOPLIST_FILE = "PA5-mcarter6/Info.plist";
				LD_RUNPATH_SEARCH_PATHS = (
					"$(inherited)",
					"@executable_path/Frameworks",
				);
				PRODUCT_BUNDLE_IDENTIFIER = "MattC.PA5-mcarter6";
				PRODUCT_NAME = "$(TARGET_NAME)";
				SWIFT_VERSION = 4.2;
				TARGETED_DEVICE_FAMILY = "1,2";
			};
			name = Release;
		};
		1383CF0E217467A900546C99 /* Debug */ = {
			isa = XCBuildConfiguration;
			buildSettings = {
				ALWAYS_EMBED_SWIFT_STANDARD_LIBRARIES = YES;
				BUNDLE_LOADER = "$(TEST_HOST)";
				CODE_SIGN_STYLE = Automatic;
				DEVELOPMENT_TEAM = YY65W6YMX9;
				INFOPLIST_FILE = "PA5-mcarter6Tests/Info.plist";
				LD_RUNPATH_SEARCH_PATHS = (
					"$(inherited)",
					"@executable_path/Frameworks",
					"@loader_path/Frameworks",
				);
				PRODUCT_BUNDLE_IDENTIFIER = "MattC.PA5-mcarter6Tests";
				PRODUCT_NAME = "$(TARGET_NAME)";
				SWIFT_VERSION = 4.2;
				TARGETED_DEVICE_FAMILY = "1,2";
				TEST_HOST = "$(BUILT_PRODUCTS_DIR)/PA5-mcarter6.app/PA5-mcarter6";
			};
			name = Debug;
		};
		1383CF0F217467A900546C99 /* Release */ = {
			isa = XCBuildConfiguration;
			buildSettings = {
				ALWAYS_EMBED_SWIFT_STANDARD_LIBRARIES = YES;
				BUNDLE_LOADER = "$(TEST_HOST)";
				CODE_SIGN_STYLE = Automatic;
				DEVELOPMENT_TEAM = YY65W6YMX9;
				INFOPLIST_FILE = "PA5-mcarter6Tests/Info.plist";
				LD_RUNPATH_SEARCH_PATHS = (
					"$(inherited)",
					"@executable_path/Frameworks",
					"@loader_path/Frameworks",
				);
				PRODUCT_BUNDLE_IDENTIFIER = "MattC.PA5-mcarter6Tests";
				PRODUCT_NAME = "$(TARGET_NAME)";
				SWIFT_VERSION = 4.2;
				TARGETED_DEVICE_FAMILY = "1,2";
				TEST_HOST = "$(BUILT_PRODUCTS_DIR)/PA5-mcarter6.app/PA5-mcarter6";
			};
			name = Release;
		};
		1383CF11217467A900546C99 /* Debug */ = {
			isa = XCBuildConfiguration;
			buildSettings = {
				ALWAYS_EMBED_SWIFT_STANDARD_LIBRARIES = YES;
				CODE_SIGN_STYLE = Automatic;
				DEVELOPMENT_TEAM = YY65W6YMX9;
				INFOPLIST_FILE = "PA5-mcarter6UITests/Info.plist";
				LD_RUNPATH_SEARCH_PATHS = (
					"$(inherited)",
					"@executable_path/Frameworks",
					"@loader_path/Frameworks",
				);
				PRODUCT_BUNDLE_IDENTIFIER = "MattC.PA5-mcarter6UITests";
				PRODUCT_NAME = "$(TARGET_NAME)";
				SWIFT_VERSION = 4.2;
				TARGETED_DEVICE_FAMILY = "1,2";
				TEST_TARGET_NAME = "PA5-mcarter6";
			};
			name = Debug;
		};
		1383CF12217467A900546C99 /* Release */ = {
			isa = XCBuildConfiguration;
			buildSettings = {
				ALWAYS_EMBED_SWIFT_STANDARD_LIBRARIES = YES;
				CODE_SIGN_STYLE = Automatic;
				DEVELOPMENT_TEAM = YY65W6YMX9;
				INFOPLIST_FILE = "PA5-mcarter6UITests/Info.plist";
				LD_RUNPATH_SEARCH_PATHS = (
					"$(inherited)",
					"@executable_path/Frameworks",
					"@loader_path/Frameworks",
				);
				PRODUCT_BUNDLE_IDENTIFIER = "MattC.PA5-mcarter6UITests";
				PRODUCT_NAME = "$(TARGET_NAME)";
				SWIFT_VERSION = 4.2;
				TARGETED_DEVICE_FAMILY = "1,2";
				TEST_TARGET_NAME = "PA5-mcarter6";
			};
			name = Release;
		};
/* End XCBuildConfiguration section */

/* Begin XCConfigurationList section */
		1383CEDD2174679800546C99 /* Build configuration list for PBXProject "PA5-mcarter6" */ = {
			isa = XCConfigurationList;
			buildConfigurations = (
				1383CF08217467A900546C99 /* Debug */,
				1383CF09217467A900546C99 /* Release */,
			);
			defaultConfigurationIsVisible = 0;
			defaultConfigurationName = Release;
		};
		1383CF0A217467A900546C99 /* Build configuration list for PBXNativeTarget "PA5-mcarter6" */ = {
			isa = XCConfigurationList;
			buildConfigurations = (
				1383CF0B217467A900546C99 /* Debug */,
				1383CF0C217467A900546C99 /* Release */,
			);
			defaultConfigurationIsVisible = 0;
			defaultConfigurationName = Release;
		};
		1383CF0D217467A900546C99 /* Build configuration list for PBXNativeTarget "PA5-mcarter6Tests" */ = {
			isa = XCConfigurationList;
			buildConfigurations = (
				1383CF0E217467A900546C99 /* Debug */,
				1383CF0F217467A900546C99 /* Release */,
			);
			defaultConfigurationIsVisible = 0;
			defaultConfigurationName = Release;
		};
		1383CF10217467A900546C99 /* Build configuration list for PBXNativeTarget "PA5-mcarter6UITests" */ = {
			isa = XCConfigurationList;
			buildConfigurations = (
				1383CF11217467A900546C99 /* Debug */,
				1383CF12217467A900546C99 /* Release */,
			);
			defaultConfigurationIsVisible = 0;
			defaultConfigurationName = Release;
		};
/* End XCConfigurationList section */
	};
	rootObject = 1383CEDA2174679800546C99 /* Project object */;
}
